
Microsoft Visual Studio Solution File, Format Version 12.00
# Visual Studio 14
VisualStudioVersion = 14.0.24720.0
MinimumVisualStudioVersion = 10.0.40219.1
Project("{FAE04EC0-301F-11D3-BF4B-00C04F79EFBC}") = "ProjectTemplateTutorial.VSIXProject", "ProjectTemplateTutorial.VSIXProject\ProjectTemplateTutorial.VSIXProject.csproj", "{481B44A1-26D2-4287-9EC4-723BBE397816}"
EndProject
Project("{2150E333-8FDC-42A3-9474-1A3956D46DE8}") = "ProjectTemplates", "ProjectTemplates", "{66090E51-1C25-420A-B30B-7ACCA8B273C9}"
EndProject
Project("{FAE04EC0-301F-11D3-BF4B-00C04F79EFBC}") = "ProjectTemplateTutorial.Solution", "ProjectTemplateTutorial.Solution\ProjectTemplateTutorial.Solution.csproj", "{0F309A3A-BC2A-4A4C-9A78-57AB35FBC2EB}"
EndProject
Global
	GlobalSection(SolutionConfigurationPlatforms) = preSolution
		Debug|Any CPU = Debug|Any CPU
		Release|Any CPU = Release|Any CPU
	EndGlobalSection
	GlobalSection(ProjectConfigurationPlatforms) = postSolution
		{481B44A1-26D2-4287-9EC4-723BBE397816}.Debug|Any CPU.ActiveCfg = Debug|Any CPU
		{481B44A1-26D2-4287-9EC4-723BBE397816}.Debug|Any CPU.Build.0 = Debug|Any CPU
		{481B44A1-26D2-4287-9EC4-723BBE397816}.Release|Any CPU.ActiveCfg = Release|Any CPU
		{481B44A1-26D2-4287-9EC4-723BBE397816}.Release|Any CPU.Build.0 = Release|Any CPU
		{0F309A3A-BC2A-4A4C-9A78-57AB35FBC2EB}.Debug|Any CPU.ActiveCfg = Debug|Any CPU
		{0F309A3A-BC2A-4A4C-9A78-57AB35FBC2EB}.Debug|Any CPU.Build.0 = Debug|Any CPU
		{0F309A3A-BC2A-4A4C-9A78-57AB35FBC2EB}.Release|Any CPU.ActiveCfg = Release|Any CPU
		{0F309A3A-BC2A-4A4C-9A78-57AB35FBC2EB}.Release|Any CPU.Build.0 = Release|Any CPU
	EndGlobalSection
	GlobalSection(SolutionProperties) = preSolution
		HideSolutionNode = FALSE
	EndGlobalSection
	GlobalSection(NestedProjects) = preSolution
		{0F309A3A-BC2A-4A4C-9A78-57AB35FBC2EB} = {66090E51-1C25-420A-B30B-7ACCA8B273C9}
	EndGlobalSection
EndGlobal
